
Microsoft Visual Studio Solution File, Format Version 12.00
# Visual Studio Version 16
VisualStudioVersion = 16.0.30128.74
MinimumVisualStudioVersion = 10.0.40219.1
Project("{9A19103F-16F7-4668-BE54-9A1E7A4F7556}") = "Gaia.IdP.IdentityServer", "Gaia.IdP.IdentityServer\Gaia.IdP.IdentityServer.csproj", "{A0A2017A-2041-4AC0-925F-0B6C77E1AAEA}"
EndProject
Project("{9A19103F-16F7-4668-BE54-9A1E7A4F7556}") = "Gaia.IdP.Message", "Gaia.IdP.Message\Gaia.IdP.Message.csproj", "{D21E435B-B255-4B10-9F64-828E2FC695A5}"
EndProject
Project("{9A19103F-16F7-4668-BE54-9A1E7A4F7556}") = "Gaia.IdP.Infrastructure", "Gaia.IdP.Infrastructure\Gaia.IdP.Infrastructure.csproj", "{D26E6CC0-E426-4863-8C38-462E0EA8CFE6}"
EndProject
Project("{9A19103F-16F7-4668-BE54-9A1E7A4F7556}") = "Gaia.IdP.Data", "Gaia.IdP.Data\Gaia.IdP.Data.csproj", "{D2C173E9-011B-4245-9AAB-1EEF9A4D25F3}"
EndProject
Project("{9A19103F-16F7-4668-BE54-9A1E7A4F7556}") = "Gaia.IdP.DomainModel", "Gaia.IdP.DomainModel\Gaia.IdP.DomainModel.csproj", "{FC9A44A5-C027-4C4C-B3C9-4D0B0CE2676A}"
EndProject
Global
	GlobalSection(SolutionConfigurationPlatforms) = preSolution
		Debug|Any CPU = Debug|Any CPU
		Release|Any CPU = Release|Any CPU
	EndGlobalSection
	GlobalSection(ProjectConfigurationPlatforms) = postSolution
		{A0A2017A-2041-4AC0-925F-0B6C77E1AAEA}.Debug|Any CPU.ActiveCfg = Debug|Any CPU
		{A0A2017A-2041-4AC0-925F-0B6C77E1AAEA}.Debug|Any CPU.Build.0 = Debug|Any CPU
		{A0A2017A-2041-4AC0-925F-0B6C77E1AAEA}.Release|Any CPU.ActiveCfg = Release|Any CPU
		{A0A2017A-2041-4AC0-925F-0B6C77E1AAEA}.Release|Any CPU.Build.0 = Release|Any CPU
		{D21E435B-B255-4B10-9F64-828E2FC695A5}.Debug|Any CPU.ActiveCfg = Debug|Any CPU
		{D21E435B-B255-4B10-9F64-828E2FC695A5}.Debug|Any CPU.Build.0 = Debug|Any CPU
		{D21E435B-B255-4B10-9F64-828E2FC695A5}.Release|Any CPU.ActiveCfg = Release|Any CPU
		{D21E435B-B255-4B10-9F64-828E2FC695A5}.Release|Any CPU.Build.0 = Release|Any CPU
		{D26E6CC0-E426-4863-8C38-462E0EA8CFE6}.Debug|Any CPU.ActiveCfg = Debug|Any CPU
		{D26E6CC0-E426-4863-8C38-462E0EA8CFE6}.Debug|Any CPU.Build.0 = Debug|Any CPU
		{D26E6CC0-E426-4863-8C38-462E0EA8CFE6}.Release|Any CPU.ActiveCfg = Release|Any CPU
		{D26E6CC0-E426-4863-8C38-462E0EA8CFE6}.Release|Any CPU.Build.0 = Release|Any CPU
		{D2C173E9-011B-4245-9AAB-1EEF9A4D25F3}.Debug|Any CPU.ActiveCfg = Debug|Any CPU
		{D2C173E9-011B-4245-9AAB-1EEF9A4D25F3}.Debug|Any CPU.Build.0 = Debug|Any CPU
		{D2C173E9-011B-4245-9AAB-1EEF9A4D25F3}.Release|Any CPU.ActiveCfg = Release|Any CPU
		{D2C173E9-011B-4245-9AAB-1EEF9A4D25F3}.Release|Any CPU.Build.0 = Release|Any CPU
		{FC9A44A5-C027-4C4C-B3C9-4D0B0CE2676A}.Debug|Any CPU.ActiveCfg = Debug|Any CPU
		{FC9A44A5-C027-4C4C-B3C9-4D0B0CE2676A}.Debug|Any CPU.Build.0 = Debug|Any CPU
		{FC9A44A5-C027-4C4C-B3C9-4D0B0CE2676A}.Release|Any CPU.ActiveCfg = Release|Any CPU
		{FC9A44A5-C027-4C4C-B3C9-4D0B0CE2676A}.Release|Any CPU.Build.0 = Release|Any CPU
	EndGlobalSection
	GlobalSection(SolutionProperties) = preSolution
		HideSolutionNode = FALSE
	EndGlobalSection
	GlobalSection(ExtensibilityGlobals) = postSolution
		SolutionGuid = {1A2A70EB-36B5-4119-A534-93D86F2755BC}
	EndGlobalSection
EndGlobal
